// !$*UTF8*$!
{
	archiveVersion = 1;
	classes = {
	};
	objectVersion = 46;
	objects = {

/* Begin PBXBuildFile section */
		2F659E1F1F132BB400B4FCE2 /* main.m in Sources */ = {isa = PBXBuildFile; fileRef = 2F659E1E1F132BB400B4FCE2 /* main.m */; };
		2F659E221F132BB400B4FCE2 /* AppDelegate.m in Sources */ = {isa = PBXBuildFile; fileRef = 2F659E211F132BB400B4FCE2 /* AppDelegate.m */; };
		2F659E251F132BB400B4FCE2 /* ViewController.m in Sources */ = {isa = PBXBuildFile; fileRef = 2F659E241F132BB400B4FCE2 /* ViewController.m */; };
		2F659E281F132BB400B4FCE2 /* Main.storyboard in Resources */ = {isa = PBXBuildFile; fileRef = 2F659E261F132BB400B4FCE2 /* Main.storyboard */; };
		2F659E2A1F132BB400B4FCE2 /* Assets.xcassets in Resources */ = {isa = PBXBuildFile; fileRef = 2F659E291F132BB400B4FCE2 /* Assets.xcassets */; };
		2F659E2D1F132BB400B4FCE2 /* LaunchScreen.storyboard in Resources */ = {isa = PBXBuildFile; fileRef = 2F659E2B1F132BB400B4FCE2 /* LaunchScreen.storyboard */; };
		2F659E381F132BB400B4FCE2 /* DYYPlayerUITests.m in Sources */ = {isa = PBXBuildFile; fileRef = 2F659E371F132BB400B4FCE2 /* DYYPlayerUITests.m */; };
		2F659E451F132FE100B4FCE2 /* DYYPlayer.m in Sources */ = {isa = PBXBuildFile; fileRef = 2F659E441F132FE100B4FCE2 /* DYYPlayer.m */; };
/* End PBXBuildFile section */

/* Begin PBXContainerItemProxy section */
		2F659E341F132BB400B4FCE2 /* PBXContainerItemProxy */ = {
			isa = PBXContainerItemProxy;
			containerPortal = 2F659E121F132BB400B4FCE2 /* Project object */;
			proxyType = 1;
			remoteGlobalIDString = 2F659E191F132BB400B4FCE2;
			remoteInfo = DYYPlayer;
		};
/* End PBXContainerItemProxy section */

/* Begin PBXFileReference section */
		2F659E1A1F132BB400B4FCE2 /* DYYPlayer.app */ = {isa = PBXFileReference; explicitFileType = wrapper.application; includeInIndex = 0; path = DYYPlayer.app; sourceTree = BUILT_PRODUCTS_DIR; };
		2F659E1E1F132BB400B4FCE2 /* main.m */ = {isa = PBXFileReference; lastKnownFileType = sourcecode.c.objc; path = main.m; sourceTree = "<group>"; };
		2F659E201F132BB400B4FCE2 /* AppDelegate.h */ = {isa = PBXFileReference; lastKnownFileType = sourcecode.c.h; path = AppDelegate.h; sourceTree = "<group>"; };
		2F659E211F132BB400B4FCE2 /* AppDelegate.m */ = {isa = PBXFileReference; lastKnownFileType = sourcecode.c.objc; path = AppDelegate.m; sourceTree = "<group>"; };
		2F659E231F132BB400B4FCE2 /* ViewController.h */ = {isa = PBXFileReference; lastKnownFileType = sourcecode.c.h; path = ViewController.h; sourceTree = "<group>"; };
		2F659E241F132BB400B4FCE2 /* ViewController.m */ = {isa = PBXFileReference; lastKnownFileType = sourcecode.c.objc; path = ViewController.m; sourceTree = "<group>"; };
		2F659E271F132BB400B4FCE2 /* Base */ = {isa = PBXFileReference; lastKnownFileType = file.storyboard; name = Base; path = Base.lproj/Main.storyboard; sourceTree = "<group>"; };
		2F659E291F132BB400B4FCE2 /* Assets.xcassets */ = {isa = PBXFileReference; lastKnownFileType = folder.assetcatalog; path = Assets.xcassets; sourceTree = "<group>"; };
		2F659E2C1F132BB400B4FCE2 /* Base */ = {isa = PBXFileReference; lastKnownFileType = file.storyboard; name = Base; path = Base.lproj/LaunchScreen.storyboard; sourceTree = "<group>"; };
		2F659E2E1F132BB400B4FCE2 /* Info.plist */ = {isa = PBXFileReference; lastKnownFileType = text.plist.xml; path = Info.plist; sourceTree = "<group>"; };
		2F659E331F132BB400B4FCE2 /* DYYPlayerUITests.xctest */ = {isa = PBXFileReference; explicitFileType = wrapper.cfbundle; includeInIndex = 0; path = DYYPlayerUITests.xctest; sourceTree = BUILT_PRODUCTS_DIR; };
		2F659E371F132BB400B4FCE2 /* DYYPlayerUITests.m */ = {isa = PBXFileReference; lastKnownFileType = sourcecode.c.objc; path = DYYPlayerUITests.m; sourceTree = "<group>"; };
		2F659E391F132BB400B4FCE2 /* Info.plist */ = {isa = PBXFileReference; lastKnownFileType = text.plist.xml; path = Info.plist; sourceTree = "<group>"; };
		2F659E431F132FE100B4FCE2 /* DYYPlayer.h */ = {isa = PBXFileReference; fileEncoding = 4; lastKnownFileType = sourcecode.c.h; path = DYYPlayer.h; sourceTree = "<group>"; };
		2F659E441F132FE100B4FCE2 /* DYYPlayer.m */ = {isa = PBXFileReference; fileEncoding = 4; lastKnownFileType = sourcecode.c.objc; path = DYYPlayer.m; sourceTree = "<group>"; };
/* End PBXFileReference section */

/* Begin PBXFrameworksBuildPhase section */
		2F659E171F132BB400B4FCE2 /* Frameworks */ = {
			isa = PBXFrameworksBuildPhase;
			buildActionMask = 2147483647;
			files = (
			);
			runOnlyForDeploymentPostprocessing = 0;
		};
		2F659E301F132BB400B4FCE2 /* Frameworks */ = {
			isa = PBXFrameworksBuildPhase;
			buildActionMask = 2147483647;
			files = (
			);
			runOnlyForDeploymentPostprocessing = 0;
		};
/* End PBXFrameworksBuildPhase section */

/* Begin PBXGroup section */
		2F659E111F132BB400B4FCE2 = {
			isa = PBXGroup;
			children = (
				2F659E1C1F132BB400B4FCE2 /* DYYPlayer */,
				2F659E361F132BB400B4FCE2 /* DYYPlayerUITests */,
				2F659E1B1F132BB400B4FCE2 /* Products */,
			);
			sourceTree = "<group>";
		};
		2F659E1B1F132BB400B4FCE2 /* Products */ = {
			isa = PBXGroup;
			children = (
				2F659E1A1F132BB400B4FCE2 /* DYYPlayer.app */,
				2F659E331F132BB400B4FCE2 /* DYYPlayerUITests.xctest */,
			);
			name = Products;
			sourceTree = "<group>";
		};
		2F659E1C1F132BB400B4FCE2 /* DYYPlayer */ = {
			isa = PBXGroup;
			children = (
				2F659E421F132FCC00B4FCE2 /* DYYPlayer */,
				2F659E201F132BB400B4FCE2 /* AppDelegate.h */,
				2F659E211F132BB400B4FCE2 /* AppDelegate.m */,
				2F659E231F132BB400B4FCE2 /* ViewController.h */,
				2F659E241F132BB400B4FCE2 /* ViewController.m */,
				2F659E261F132BB400B4FCE2 /* Main.storyboard */,
				2F659E291F132BB400B4FCE2 /* Assets.xcassets */,
				2F659E2B1F132BB400B4FCE2 /* LaunchScreen.storyboard */,
				2F659E2E1F132BB400B4FCE2 /* Info.plist */,
				2F659E1D1F132BB400B4FCE2 /* Supporting Files */,
			);
			path = DYYPlayer;
			sourceTree = "<group>";
		};
		2F659E1D1F132BB400B4FCE2 /* Supporting Files */ = {
			isa = PBXGroup;
			children = (
				2F659E1E1F132BB400B4FCE2 /* main.m */,
			);
			name = "Supporting Files";
			sourceTree = "<group>";
		};
		2F659E361F132BB400B4FCE2 /* DYYPlayerUITests */ = {
			isa = PBXGroup;
			children = (
				2F659E371F132BB400B4FCE2 /* DYYPlayerUITests.m */,
				2F659E391F132BB400B4FCE2 /* Info.plist */,
			);
			path = DYYPlayerUITests;
			sourceTree = "<group>";
		};
		2F659E421F132FCC00B4FCE2 /* DYYPlayer */ = {
			isa = PBXGroup;
			children = (
				2F659E431F132FE100B4FCE2 /* DYYPlayer.h */,
				2F659E441F132FE100B4FCE2 /* DYYPlayer.m */,
			);
			path = DYYPlayer;
			sourceTree = "<group>";
		};
/* End PBXGroup section */

/* Begin PBXNativeTarget section */
		2F659E191F132BB400B4FCE2 /* DYYPlayer */ = {
			isa = PBXNativeTarget;
			buildConfigurationList = 2F659E3C1F132BB400B4FCE2 /* Build configuration list for PBXNativeTarget "DYYPlayer" */;
			buildPhases = (
				2F659E161F132BB400B4FCE2 /* Sources */,
				2F659E171F132BB400B4FCE2 /* Frameworks */,
				2F659E181F132BB400B4FCE2 /* Resources */,
			);
			buildRules = (
			);
			dependencies = (
			);
			name = DYYPlayer;
			productName = DYYPlayer;
			productReference = 2F659E1A1F132BB400B4FCE2 /* DYYPlayer.app */;
			productType = "com.apple.product-type.application";
		};
		2F659E321F132BB400B4FCE2 /* DYYPlayerUITests */ = {
			isa = PBXNativeTarget;
			buildConfigurationList = 2F659E3F1F132BB400B4FCE2 /* Build configuration list for PBXNativeTarget "DYYPlayerUITests" */;
			buildPhases = (
				2F659E2F1F132BB400B4FCE2 /* Sources */,
				2F659E301F132BB400B4FCE2 /* Frameworks */,
				2F659E311F132BB400B4FCE2 /* Resources */,
			);
			buildRules = (
			);
			dependencies = (
				2F659E351F132BB400B4FCE2 /* PBXTargetDependency */,
			);
			name = DYYPlayerUITests;
			productName = DYYPlayerUITests;
			productReference = 2F659E331F132BB400B4FCE2 /* DYYPlayerUITests.xctest */;
			productType = "com.apple.product-type.bundle.ui-testing";
		};
/* End PBXNativeTarget section */

/* Begin PBXProject section */
		2F659E121F132BB400B4FCE2 /* Project object */ = {
			isa = PBXProject;
			attributes = {
				LastUpgradeCheck = 0830;
				ORGANIZATIONNAME = dingyangyang;
				TargetAttributes = {
					2F659E191F132BB400B4FCE2 = {
						CreatedOnToolsVersion = 8.3.1;
						DevelopmentTeam = 7GGDE944PX;
						ProvisioningStyle = Automatic;
					};
					2F659E321F132BB400B4FCE2 = {
						CreatedOnToolsVersion = 8.3.1;
						DevelopmentTeam = 7GGDE944PX;
						ProvisioningStyle = Automatic;
						TestTargetID = 2F659E191F132BB400B4FCE2;
					};
				};
			};
			buildConfigurationList = 2F659E151F132BB400B4FCE2 /* Build configuration list for PBXProject "DYYPlayer" */;
			compatibilityVersion = "Xcode 3.2";
			developmentRegion = English;
			hasScannedForEncodings = 0;
			knownRegions = (
				en,
				Base,
			);
			mainGroup = 2F659E111F132BB400B4FCE2;
			productRefGroup = 2F659E1B1F132BB400B4FCE2 /* Products */;
			projectDirPath = "";
			projectRoot = "";
			targets = (
				2F659E191F132BB400B4FCE2 /* DYYPlayer */,
				2F659E321F132BB400B4FCE2 /* DYYPlayerUITests */,
			);
		};
/* End PBXProject section */

/* Begin PBXResourcesBuildPhase section */
		2F659E181F132BB400B4FCE2 /* Resources */ = {
			isa = PBXResourcesBuildPhase;
			buildActionMask = 2147483647;
			files = (
				2F659E2D1F132BB400B4FCE2 /* LaunchScreen.storyboard in Resources */,
				2F659E2A1F132BB400B4FCE2 /* Assets.xcassets in Resources */,
				2F659E281F132BB400B4FCE2 /* Main.storyboard in Resources */,
			);
			runOnlyForDeploymentPostprocessing = 0;
		};
		2F659E311F132BB400B4FCE2 /* Resources */ = {
			isa = PBXResourcesBuildPhase;
			buildActionMask = 2147483647;
			files = (
			);
			runOnlyForDeploymentPostprocessing = 0;
		};
/* End PBXResourcesBuildPhase section */

/* Begin PBXSourcesBuildPhase section */
		2F659E161F132BB400B4FCE2 /* Sources */ = {
			isa = PBXSourcesBuildPhase;
			buildActionMask = 2147483647;
			files = (
				2F659E251F132BB400B4FCE2 /* ViewController.m in Sources */,
				2F659E451F132FE100B4FCE2 /* DYYPlayer.m in Sources */,
				2F659E221F132BB400B4FCE2 /* AppDelegate.m in Sources */,
				2F659E1F1F132BB400B4FCE2 /* main.m in Sources */,
			);
			runOnlyForDeploymentPostprocessing = 0;
		};
		2F659E2F1F132BB400B4FCE2 /* Sources */ = {
			isa = PBXSourcesBuildPhase;
			buildActionMask = 2147483647;
			files = (
				2F659E381F132BB400B4FCE2 /* DYYPlayerUITests.m in Sources */,
			);
			runOnlyForDeploymentPostprocessing = 0;
		};
/* End PBXSourcesBuildPhase section */

/* Begin PBXTargetDependency section */
		2F659E351F132BB400B4FCE2 /* PBXTargetDependency */ = {
			isa = PBXTargetDependency;
			target = 2F659E191F132BB400B4FCE2 /* DYYPlayer */;
			targetProxy = 2F659E341F132BB400B4FCE2 /* PBXContainerItemProxy */;
		};
/* End PBXTargetDependency section */

/* Begin PBXVariantGroup section */
		2F659E261F132BB400B4FCE2 /* Main.storyboard */ = {
			isa = PBXVariantGroup;
			children = (
				2F659E271F132BB400B4FCE2 /* Base */,
			);
			name = Main.storyboard;
			sourceTree = "<group>";
		};
		2F659E2B1F132BB400B4FCE2 /* LaunchScreen.storyboard */ = {
			isa = PBXVariantGroup;
			children = (
				2F659E2C1F132BB400B4FCE2 /* Base */,
			);
			name = LaunchScreen.storyboard;
			sourceTree = "<group>";
		};
/* End PBXVariantGroup section */

/* Begin XCBuildConfiguration section */
		2F659E3A1F132BB400B4FCE2 /* Debug */ = {
			isa = XCBuildConfiguration;
			buildSettings = {
				ALWAYS_SEARCH_USER_PATHS = NO;
				CLANG_ANALYZER_NONNULL = YES;
				CLANG_ANALYZER_NUMBER_OBJECT_CONVERSION = YES_AGGRESSIVE;
				CLANG_CXX_LANGUAGE_STANDARD = "gnu++0x";
				CLANG_CXX_LIBRARY = "libc++";
				CLANG_ENABLE_MODULES = YES;
				CLANG_ENABLE_OBJC_ARC = YES;
				CLANG_WARN_BOOL_CONVERSION = YES;
				CLANG_WARN_CONSTANT_CONVERSION = YES;
				CLANG_WARN_DIRECT_OBJC_ISA_USAGE = YES_ERROR;
				CLANG_WARN_DOCUMENTATION_COMMENTS = YES;
				CLANG_WARN_EMPTY_BODY = YES;
				CLANG_WARN_ENUM_CONVERSION = YES;
				CLANG_WARN_INFINITE_RECURSION = YES;
				CLANG_WARN_INT_CONVERSION = YES;
				CLANG_WARN_OBJC_ROOT_CLASS = YES_ERROR;
				CLANG_WARN_SUSPICIOUS_MOVE = YES;
				CLANG_WARN_UNREACHABLE_CODE = YES;
				CLANG_WARN__DUPLICATE_METHOD_MATCH = YES;
				"CODE_SIGN_IDENTITY[sdk=iphoneos*]" = "iPhone Developer";
				COPY_PHASE_STRIP = NO;
				DEBUG_INFORMATION_FORMAT = dwarf;
				ENABLE_STRICT_OBJC_MSGSEND = YES;
				ENABLE_TESTABILITY = YES;
				GCC_C_LANGUAGE_STANDARD = gnu99;
				GCC_DYNAMIC_NO_PIC = NO;
				GCC_NO_COMMON_BLOCKS = YES;
				GCC_OPTIMIZATION_LEVEL = 0;
				GCC_PREPROCESSOR_DEFINITIONS = (
					"DEBUG=1",
					"$(inherited)",
				);
				GCC_WARN_64_TO_32_BIT_CONVERSION = YES;
				GCC_WARN_ABOUT_RETURN_TYPE = YES_ERROR;
				GCC_WARN_UNDECLARED_SELECTOR = YES;
				GCC_WARN_UNINITIALIZED_AUTOS = YES_AGGRESSIVE;
				GCC_WARN_UNUSED_FUNCTION = YES;
				GCC_WARN_UNUSED_VARIABLE = YES;
				IPHONEOS_DEPLOYMENT_TARGET = 10.3;
				MTL_ENABLE_DEBUG_INFO = YES;
				ONLY_ACTIVE_ARCH = YES;
				SDKROOT = iphoneos;
			};
			name = Debug;
		};
		2F659E3B1F132BB400B4FCE2 /* Release */ = {
			isa = XCBuildConfiguration;
			buildSettings = {
				ALWAYS_SEARCH_USER_PATHS = NO;
				CLANG_ANALYZER_NONNULL = YES;
				CLANG_ANALYZER_NUMBER_OBJECT_CONVERSION = YES_AGGRESSIVE;
				CLANG_CXX_LANGUAGE_STANDARD = "gnu++0x";
				CLANG_CXX_LIBRARY = "libc++";
				CLANG_ENABLE_MODULES = YES;
				CLANG_ENABLE_OBJC_ARC = YES;
				CLANG_WARN_BOOL_CONVERSION = YES;
				CLANG_WARN_CONSTANT_CONVERSION = YES;
				CLANG_WARN_DIRECT_OBJC_ISA_USAGE = YES_ERROR;
				CLANG_WARN_DOCUMENTATION_COMMENTS = YES;
				CLANG_WARN_EMPTY_BODY = YES;
				CLANG_WARN_ENUM_CONVERSION = YES;
				CLANG_WARN_INFINITE_RECURSION = YES;
				CLANG_WARN_INT_CONVERSION = YES;
				CLANG_WARN_OBJC_ROOT_CLASS = YES_ERROR;
				CLANG_WARN_SUSPICIOUS_MOVE = YES;
				CLANG_WARN_UNREACHABLE_CODE = YES;
				CLANG_WARN__DUPLICATE_METHOD_MATCH = YES;
				"CODE_SIGN_IDENTITY[sdk=iphoneos*]" = "iPhone Developer";
				COPY_PHASE_STRIP = NO;
				DEBUG_INFORMATION_FORMAT = "dwarf-with-dsym";
				ENABLE_NS_ASSERTIONS = NO;
				ENABLE_STRICT_OBJC_MSGSEND = YES;
				GCC_C_LANGUAGE_STANDARD = gnu99;
				GCC_NO_COMMON_BLOCKS = YES;
				GCC_WARN_64_TO_32_BIT_CONVERSION = YES;
				GCC_WARN_ABOUT_RETURN_TYPE = YES_ERROR;
				GCC_WARN_UNDECLARED_SELECTOR = YES;
				GCC_WARN_UNINITIALIZED_AUTOS = YES_AGGRESSIVE;
				GCC_WARN_UNUSED_FUNCTION = YES;
				GCC_WARN_UNUSED_VARIABLE = YES;
				IPHONEOS_DEPLOYMENT_TARGET = 10.3;
				MTL_ENABLE_DEBUG_INFO = NO;
				SDKROOT = iphoneos;
				VALIDATE_PRODUCT = YES;
			};
			name = Release;
		};
		2F659E3D1F132BB400B4FCE2 /* Debug */ = {
			isa = XCBuildConfiguration;
			buildSettings = {
				ASSETCATALOG_COMPILER_APPICON_NAME = AppIcon;
				DEVELOPMENT_TEAM = 7GGDE944PX;
				INFOPLIST_FILE = DYYPlayer/Info.plist;
				LD_RUNPATH_SEARCH_PATHS = "$(inherited) @executable_path/Frameworks";
				PRODUCT_BUNDLE_IDENTIFIER = dingyangyang.DYYPlayer;
				PRODUCT_NAME = "$(TARGET_NAME)";
			};
			name = Debug;
		};
		2F659E3E1F132BB400B4FCE2 /* Release */ = {
			isa = XCBuildConfiguration;
			buildSettings = {
				ASSETCATALOG_COMPILER_APPICON_NAME = AppIcon;
				DEVELOPMENT_TEAM = 7GGDE944PX;
				INFOPLIST_FILE = DYYPlayer/Info.plist;
				LD_RUNPATH_SEARCH_PATHS = "$(inherited) @executable_path/Frameworks";
				PRODUCT_BUNDLE_IDENTIFIER = dingyangyang.DYYPlayer;
				PRODUCT_NAME = "$(TARGET_NAME)";
			};
			name = Release;
		};
		2F659E401F132BB400B4FCE2 /* Debug */ = {
			isa = XCBuildConfiguration;
			buildSettings = {
				DEVELOPMENT_TEAM = 7GGDE944PX;
				INFOPLIST_FILE = DYYPlayerUITests/Info.plist;
				LD_RUNPATH_SEARCH_PATHS = "$(inherited) @executable_path/Frameworks @loader_path/Frameworks";
				PRODUCT_BUNDLE_IDENTIFIER = dingyangyang.DYYPlayerUITests;
				PRODUCT_NAME = "$(TARGET_NAME)";
				TEST_TARGET_NAME = DYYPlayer;
			};
			name = Debug;
		};
		2F659E411F132BB400B4FCE2 /* Release */ = {
			isa = XCBuildConfiguration;
			buildSettings = {
				DEVELOPMENT_TEAM = 7GGDE944PX;
				INFOPLIST_FILE = DYYPlayerUITests/Info.plist;
				LD_RUNPATH_SEARCH_PATHS = "$(inherited) @executable_path/Frameworks @loader_path/Frameworks";
				PRODUCT_BUNDLE_IDENTIFIER = dingyangyang.DYYPlayerUITests;
				PRODUCT_NAME = "$(TARGET_NAME)";
				TEST_TARGET_NAME = DYYPlayer;
			};
			name = Release;
		};
/* End XCBuildConfiguration section */

/* Begin XCConfigurationList section */
		2F659E151F132BB400B4FCE2 /* Build configuration list for PBXProject "DYYPlayer" */ = {
			isa = XCConfigurationList;
			buildConfigurations = (
				2F659E3A1F132BB400B4FCE2 /* Debug */,
				2F659E3B1F132BB400B4FCE2 /* Release */,
			);
			defaultConfigurationIsVisible = 0;
			defaultConfigurationName = Release;
		};
		2F659E3C1F132BB400B4FCE2 /* Build configuration list for PBXNativeTarget "DYYPlayer" */ = {
			isa = XCConfigurationList;
			buildConfigurations = (
				2F659E3D1F132BB400B4FCE2 /* Debug */,
				2F659E3E1F132BB400B4FCE2 /* Release */,
			);
			defaultConfigurationIsVisible = 0;
			defaultConfigurationName = Release;
		};
		2F659E3F1F132BB400B4FCE2 /* Build configuration list for PBXNativeTarget "DYYPlayerUITests" */ = {
			isa = XCConfigurationList;
			buildConfigurations = (
				2F659E401F132BB400B4FCE2 /* Debug */,
				2F659E411F132BB400B4FCE2 /* Release */,
			);
			defaultConfigurationIsVisible = 0;
			defaultConfigurationName = Release;
		};
/* End XCConfigurationList section */
	};
	rootObject = 2F659E121F132BB400B4FCE2 /* Project object */;
}
